
Microsoft Visual Studio Solution File, Format Version 12.00
# Visual Studio Version 17
VisualStudioVersion = 17.0.32112.339
MinimumVisualStudioVersion = 10.0.40219.1
Project("{FAE04EC0-301F-11D3-BF4B-00C04F79EFBC}") = "ForumMCBackend", "ForumMCBackend\ForumMCBackend.csproj", "{A37B3F92-8000-4CD9-ADCB-D462CF6E2F9B}"
EndProject
Global
	GlobalSection(SolutionConfigurationPlatforms) = preSolution
		Debug|Any CPU = Debug|Any CPU
		Release|Any CPU = Release|Any CPU
	EndGlobalSection
	GlobalSection(ProjectConfigurationPlatforms) = postSolution
		{A37B3F92-8000-4CD9-ADCB-D462CF6E2F9B}.Debug|Any CPU.ActiveCfg = Debug|Any CPU
		{A37B3F92-8000-4CD9-ADCB-D462CF6E2F9B}.Debug|Any CPU.Build.0 = Debug|Any CPU
		{A37B3F92-8000-4CD9-ADCB-D462CF6E2F9B}.Release|Any CPU.ActiveCfg = Release|Any CPU
		{A37B3F92-8000-4CD9-ADCB-D462CF6E2F9B}.Release|Any CPU.Build.0 = Release|Any CPU
	EndGlobalSection
	GlobalSection(SolutionProperties) = preSolution
		HideSolutionNode = FALSE
	EndGlobalSection
	GlobalSection(ExtensibilityGlobals) = postSolution
		SolutionGuid = {816FBB74-2730-4377-A2BB-DEF2A3A96848}
	EndGlobalSection
EndGlobal
